
Microsoft Visual Studio Solution File, Format Version 11.00
# Visual Studio 2010
Project("{CC5FD16D-436D-48AD-A40C-5A424C6E3E79}") = "AzureRoadTrips", "AzureRoadTrips\AzureRoadTrips.ccproj", "{5C9749A2-1CB2-4F29-A291-02BBE951B316}"
EndProject
Project("{FAE04EC0-301F-11D3-BF4B-00C04F79EFBC}") = "AzureRoadTripSite", "AzureRoadTripSite\AzureRoadTripSite.csproj", "{5B1F4782-E2A5-4067-BDE5-68BAA1C9F6A6}"
EndProject
Global
	GlobalSection(SolutionConfigurationPlatforms) = preSolution
		Debug|Any CPU = Debug|Any CPU
		Release|Any CPU = Release|Any CPU
	EndGlobalSection
	GlobalSection(ProjectConfigurationPlatforms) = postSolution
		{5C9749A2-1CB2-4F29-A291-02BBE951B316}.Debug|Any CPU.ActiveCfg = Debug|Any CPU
		{5C9749A2-1CB2-4F29-A291-02BBE951B316}.Debug|Any CPU.Build.0 = Debug|Any CPU
		{5C9749A2-1CB2-4F29-A291-02BBE951B316}.Release|Any CPU.ActiveCfg = Release|Any CPU
		{5C9749A2-1CB2-4F29-A291-02BBE951B316}.Release|Any CPU.Build.0 = Release|Any CPU
		{5B1F4782-E2A5-4067-BDE5-68BAA1C9F6A6}.Debug|Any CPU.ActiveCfg = Debug|Any CPU
		{5B1F4782-E2A5-4067-BDE5-68BAA1C9F6A6}.Debug|Any CPU.Build.0 = Debug|Any CPU
		{5B1F4782-E2A5-4067-BDE5-68BAA1C9F6A6}.Release|Any CPU.ActiveCfg = Release|Any CPU
		{5B1F4782-E2A5-4067-BDE5-68BAA1C9F6A6}.Release|Any CPU.Build.0 = Release|Any CPU
	EndGlobalSection
	GlobalSection(SolutionProperties) = preSolution
		HideSolutionNode = FALSE
	EndGlobalSection
EndGlobal
